<?xml version="1.0" encoding="utf-8"?>
<Project ToolsVersion="4.0" xmlns="http://schemas.microsoft.com/developer/msbuild/2003">
  <ItemGroup>
    <Filter Include="Header Files">
      <UniqueIdentifier>{dea29c53-885c-4558-8c62-8aab79a66e99}</UniqueIdentifier>
      <Extensions>h;hpp;hxx;hm;inl</Extensions>
    </Filter>
    <Filter Include="Resource Files">
      <UniqueIdentifier>{5bb10149-f1d1-4275-bfcb-ac6765b39c3a}</UniqueIdentifier>
      <Extensions>ico;cur;bmp;dlg;rc2;rct;bin;rgs;gif;jpg;jpeg;jpe</Extensions>
    </Filter>
    <Filter Include="Source Files">
      <UniqueIdentifier>{d2d651b1-6a5f-418e-90d3-f54b17cabaa6}</UniqueIdentifier>
      <Extensions>cpp;c;cxx;rc;def;r;odl;idl;hpj;bat</Extensions>
    </Filter>
  </ItemGroup>
  <ItemGroup>
    <ClCompile Include="..\src\ubasewindow.cpp">
      <Filter>Source Files</Filter>
    </ClCompile>
    <ClCompile Include="..\src\ubitmap.cpp">
      <Filter>Source Files</Filter>
    </ClCompile>
    <ClCompile Include="..\src\ubutton.cpp">
      <Filter>Source Files</Filter>
    </ClCompile>
    <ClCompile Include="..\src\ucombobox.cpp">
      <Filter>Source Files</Filter>
    </ClCompile>
    <ClCompile Include="..\src\ucomboboxex.cpp">
      <Filter>Source Files</Filter>
    </ClCompile>
    <ClCompile Include="..\src\uconf.cpp">
      <Filter>Source Files</Filter>
    </ClCompile>
    <ClCompile Include="..\src\ucontrol.cpp">
      <Filter>Source Files</Filter>
    </ClCompile>
    <ClCompile Include="..\src\udc.cpp">
      <Filter>Source Files</Filter>
    </ClCompile>
    <ClCompile Include="..\src\udebug.cpp">
      <Filter>Source Files</Filter>
    </ClCompile>
    <ClCompile Include="..\src\udialogx.cpp">
      <Filter>Source Files</Filter>
    </ClCompile>
    <ClCompile Include="..\src\uedit.cpp">
      <Filter>Source Files</Filter>
    </ClCompile>
    <ClCompile Include="..\src\ufont.cpp">
      <Filter>Source Files</Filter>
    </ClCompile>
    <ClCompile Include="..\src\ugdi.cpp">
      <Filter>Source Files</Filter>
    </ClCompile>
    <ClCompile Include="..\src\ugldialog.cpp">
      <Filter>Source Files</Filter>
    </ClCompile>
    <ClCompile Include="..\src\uglut.cpp">
      <Filter>Source Files</Filter>
    </ClCompile>
    <ClCompile Include="..\src\uicon.cpp">
      <Filter>Source Files</Filter>
    </ClCompile>
    <ClCompile Include="..\src\uimagelist.cpp">
      <Filter>Source Files</Filter>
    </ClCompile>
    <ClCompile Include="..\src\ulib.cpp">
      <Filter>Source Files</Filter>
    </ClCompile>
    <ClCompile Include="..\src\umenu.cpp">
      <Filter>Source Files</Filter>
    </ClCompile>
    <ClCompile Include="..\src\umsg.cpp">
      <Filter>Source Files</Filter>
    </ClCompile>
    <ClCompile Include="..\src\uobject.cpp">
      <Filter>Source Files</Filter>
    </ClCompile>
    <ClCompile Include="..\src\upalette.cpp">
      <Filter>Source Files</Filter>
    </ClCompile>
    <ClCompile Include="..\src\upanel.cpp">
      <Filter>Source Files</Filter>
    </ClCompile>
    <ClCompile Include="..\src\uprogressbar.cpp">
      <Filter>Source Files</Filter>
    </ClCompile>
    <ClCompile Include="..\src\upropsheet.cpp">
      <Filter>Source Files</Filter>
    </ClCompile>
    <ClCompile Include="..\src\urebar.cpp">
      <Filter>Source Files</Filter>
    </ClCompile>
    <ClCompile Include="..\src\uregion.cpp">
      <Filter>Source Files</Filter>
    </ClCompile>
    <ClCompile Include="..\src\usplashwnd.cpp">
      <Filter>Source Files</Filter>
    </ClCompile>
    <ClCompile Include="..\src\ustatic.cpp">
      <Filter>Source Files</Filter>
    </ClCompile>
    <ClCompile Include="..\src\utabctrl.cpp">
      <Filter>Source Files</Filter>
    </ClCompile>
    <ClCompile Include="..\src\utoolbar.cpp">
      <Filter>Source Files</Filter>
    </ClCompile>
    <ClCompile Include="..\src\utooltip.cpp">
      <Filter>Source Files</Filter>
    </ClCompile>
    <ClCompile Include="..\src\uwinapp.cpp">
      <Filter>Source Files</Filter>
    </ClCompile>
    <ClCompile Include="..\src\uwindowx.cpp">
      <Filter>Source Files</Filter>
    </ClCompile>
  </ItemGroup>
  <ItemGroup>
    <ClInclude Include="..\inc\ubasewindow.h">
      <Filter>Header Files</Filter>
    </ClInclude>
    <ClInclude Include="..\inc\ubitmap.h">
      <Filter>Header Files</Filter>
    </ClInclude>
    <ClInclude Include="..\inc\ubutton.h">
      <Filter>Header Files</Filter>
    </ClInclude>
    <ClInclude Include="..\inc\ucombobox.h">
      <Filter>Header Files</Filter>
    </ClInclude>
    <ClInclude Include="..\inc\ucomboboxex.h">
      <Filter>Header Files</Filter>
    </ClInclude>
    <ClInclude Include="..\inc\uconf.h">
      <Filter>Header Files</Filter>
    </ClInclude>
    <ClInclude Include="..\inc\ucontrol.h">
      <Filter>Header Files</Filter>
    </ClInclude>
    <ClInclude Include="..\inc\udc.h">
      <Filter>Header Files</Filter>
    </ClInclude>
    <ClInclude Include="..\inc\udebug.h">
      <Filter>Header Files</Filter>
    </ClInclude>
    <ClInclude Include="..\inc\udialogx.h">
      <Filter>Header Files</Filter>
    </ClInclude>
    <ClInclude Include="..\inc\uedit.h">
      <Filter>Header Files</Filter>
    </ClInclude>
    <ClInclude Include="..\inc\ufont.h">
      <Filter>Header Files</Filter>
    </ClInclude>
    <ClInclude Include="..\inc\ugdi.h">
      <Filter>Header Files</Filter>
    </ClInclude>
    <ClInclude Include="..\inc\ugldialog.h">
      <Filter>Header Files</Filter>
    </ClInclude>
    <ClInclude Include="..\inc\uglut.h">
      <Filter>Header Files</Filter>
    </ClInclude>
    <ClInclude Include="..\inc\uicon.h">
      <Filter>Header Files</Filter>
    </ClInclude>
    <ClInclude Include="..\inc\uimagelist.h">
      <Filter>Header Files</Filter>
    </ClInclude>
    <ClInclude Include="..\inc\ulib.h">
      <Filter>Header Files</Filter>
    </ClInclude>
    <ClInclude Include="..\inc\umenu.h">
      <Filter>Header Files</Filter>
    </ClInclude>
    <ClInclude Include="..\inc\umsg.h">
      <Filter>Header Files</Filter>
    </ClInclude>
    <ClInclude Include="..\inc\uobject.h">
      <Filter>Header Files</Filter>
    </ClInclude>
    <ClInclude Include="..\inc\upalette.h">
      <Filter>Header Files</Filter>
    </ClInclude>
    <ClInclude Include="..\inc\upanel.h">
      <Filter>Header Files</Filter>
    </ClInclude>
    <ClInclude Include="..\inc\uprogressbar.h">
      <Filter>Header Files</Filter>
    </ClInclude>
    <ClInclude Include="..\inc\upropsheet.h">
      <Filter>Header Files</Filter>
    </ClInclude>
    <ClInclude Include="..\inc\urebar.h">
      <Filter>Header Files</Filter>
    </ClInclude>
    <ClInclude Include="..\inc\uregion.h">
      <Filter>Header Files</Filter>
    </ClInclude>
    <ClInclude Include="..\inc\usplashwnd.h">
      <Filter>Header Files</Filter>
    </ClInclude>
    <ClInclude Include="..\inc\ustatic.h">
      <Filter>Header Files</Filter>
    </ClInclude>
    <ClInclude Include="..\inc\utabctrl.h">
      <Filter>Header Files</Filter>
    </ClInclude>
    <ClInclude Include="..\inc\utoolbar.h">
      <Filter>Header Files</Filter>
    </ClInclude>
    <ClInclude Include="..\inc\utooltip.h">
      <Filter>Header Files</Filter>
    </ClInclude>
    <ClInclude Include="..\inc\uwarnings.h">
      <Filter>Header Files</Filter>
    </ClInclude>
    <ClInclude Include="..\inc\uwinapp.h">
      <Filter>Header Files</Filter>
    </ClInclude>
    <ClInclude Include="..\inc\uwindowx.h">
      <Filter>Header Files</Filter>
    </ClInclude>
    <ClInclude Include="..\inc\uwndclassx.h">
      <Filter>Header Files</Filter>
    </ClInclude>
    <ClInclude Include="..\inc\uworkaround.h">
      <Filter>Header Files</Filter>
    </ClInclude>
  </ItemGroup>
  <ItemGroup>
    <ResourceCompile Include="..\res\u.rc">
      <Filter>Resource Files</Filter>
    </ResourceCompile>
  </ItemGroup>
</Project>