<?xml version="1.0" encoding="UTF-8" standalone="yes" ?>
<CodeBlocks_project_file>
	<FileVersion major="1" minor="6" />
	<Project>
		<Option title="ulib-win" />
		<Option pch_mode="2" />
		<Option compiler="gcc" />
		<Build>
			<Target title="Debug">
				<Option output="bin\Debug\libuwin" prefix_auto="1" extension_auto="1" />
				<Option object_output="obj\Debug\" />
				<Option type="3" />
				<Option compiler="gcc" />
				<Option createDefFile="1" />
				<Option createStaticLib="1" />
				<Compiler>
					<Add option="-Wall" />
					<Add option="-g" />
					<Add option="-DBUILD_DLL" />
					<Add option="-DHU_DEBUG" />
					<Add directory="..\inc" />
				</Compiler>
				<Linker>
					<Add library="user32" />
					<Add library="gdi32" />
					<Add library="comctl32" />
					<Add library="shlwapi" />
					<Add library="ole32" />
					<Add library="psapi" />
				</Linker>
			</Target>
			<Target title="Release">
				<Option output="bin\Release\ulib-win" prefix_auto="1" extension_auto="1" />
				<Option object_output="obj\Release\" />
				<Option type="3" />
				<Option compiler="gcc" />
				<Option createDefFile="1" />
				<Option createStaticLib="1" />
				<Compiler>
					<Add option="-Wall" />
					<Add option="-DBUILD_DLL" />
					<Add option="-O2" />
				</Compiler>
				<Linker>
					<Add option="-s" />
					<Add library="user32" />
				</Linker>
			</Target>
		</Build>
		<Unit filename="..\inc\ubasewindow.h" />
		<Unit filename="..\inc\ubitmap.h" />
		<Unit filename="..\inc\ubutton.h" />
		<Unit filename="..\inc\ucombobox.h" />
		<Unit filename="..\inc\uconsole.h" />
		<Unit filename="..\inc\ucontrol.h" />
		<Unit filename="..\inc\udebug.h" />
		<Unit filename="..\inc\udialogx.h" />
		<Unit filename="..\inc\uedit.h" />
		<Unit filename="..\inc\ufile.h" />
		<Unit filename="..\inc\ufont.h" />
		<Unit filename="..\inc\ugdi.h" />
		<Unit filename="..\inc\uicon.h" />
		<Unit filename="..\inc\uimagelist.h" />
		<Unit filename="..\inc\ulib.h" />
		<Unit filename="..\inc\ulistbox.h" />
		<Unit filename="..\inc\ulistview.h" />
		<Unit filename="..\inc\umenu.h" />
		<Unit filename="..\inc\umsg.h" />
		<Unit filename="..\inc\uobject.h" />
		<Unit filename="..\inc\upanel.h" />
		<Unit filename="..\inc\uprocessman.h" />
		<Unit filename="..\inc\urebar.h" />
		<Unit filename="..\inc\uregion.h" />
		<Unit filename="..\inc\ushell.h" />
		<Unit filename="..\inc\ustatic.h" />
		<Unit filename="..\inc\ustatusbar.h" />
		<Unit filename="..\inc\utabctrl.h" />
		<Unit filename="..\inc\utimer.h" />
		<Unit filename="..\inc\utoolbar.h" />
		<Unit filename="..\inc\utreeview.h" />
		<Unit filename="..\inc\uwinapp.h" />
		<Unit filename="..\inc\uwndclassx.h" />
		<Unit filename="..\inc\uworkaround.h" />
		<Unit filename="..\src\ubasewindow.cpp" />
		<Unit filename="..\src\ubitmap.cpp" />
		<Unit filename="..\src\ubutton.cpp" />
		<Unit filename="..\src\ucombobox.cpp" />
		<Unit filename="..\src\uconsole.cpp" />
		<Unit filename="..\src\ucontrol.cpp" />
		<Unit filename="..\src\udebug.cpp" />
		<Unit filename="..\src\udialogx.cpp" />
		<Unit filename="..\src\uedit.cpp" />
		<Unit filename="..\src\ufile.cpp" />
		<Unit filename="..\src\ufont.cpp" />
		<Unit filename="..\src\ugdi.cpp" />
		<Unit filename="..\src\uicon.cpp" />
		<Unit filename="..\src\uimagelist.cpp" />
		<Unit filename="..\src\ulib.cpp" />
		<Unit filename="..\src\ulistbox.cpp" />
		<Unit filename="..\src\ulistview.cpp" />
		<Unit filename="..\src\umenu.cpp" />
		<Unit filename="..\src\umsg.cpp" />
		<Unit filename="..\src\uobject.cpp" />
		<Unit filename="..\src\upanel.cpp" />
		<Unit filename="..\src\uprocessman.cpp" />
		<Unit filename="..\src\urebar.cpp" />
		<Unit filename="..\src\uregion.cpp" />
		<Unit filename="..\src\ushell.cpp" />
		<Unit filename="..\src\ustatic.cpp" />
		<Unit filename="..\src\ustatusbar.cpp" />
		<Unit filename="..\src\utabctrl.cpp" />
		<Unit filename="..\src\utimer.cpp" />
		<Unit filename="..\src\utoolbar.cpp" />
		<Unit filename="..\src\utreeview.cpp" />
		<Unit filename="..\src\uwinapp.cpp" />
		<Unit filename="..\src\uwindowx.cpp" />
		<Extensions>
			<code_completion />
			<debugger />
			<envvars />
		</Extensions>
	</Project>
</CodeBlocks_project_file>
