
Microsoft Visual Studio Solution File, Format Version 9.00
# Visual Studio 2005
Project("{8BC9CEB8-8B4A-11D0-8D11-00A0C91BC942}") = "libuwin_dll", "libuwin_dll.vcproj", "{30463FCE-93F2-4F31-BFB5-355DFFB5CC66}"
EndProject
Project("{8BC9CEB8-8B4A-11D0-8D11-00A0C91BC942}") = "tooltip", "tooltip.vcproj", "{529F2376-5F31-4909-9E20-13B6C5F4B5C2}"
	ProjectSection(ProjectDependencies) = postProject
		{30463FCE-93F2-4F31-BFB5-355DFFB5CC66} = {30463FCE-93F2-4F31-BFB5-355DFFB5CC66}
	EndProjectSection
EndProject
Project("{8BC9CEB8-8B4A-11D0-8D11-00A0C91BC942}") = "splash", "splash.vcproj", "{50BFE8B6-6EFC-487F-95E3-5CF6A75EA256}"
	ProjectSection(ProjectDependencies) = postProject
		{30463FCE-93F2-4F31-BFB5-355DFFB5CC66} = {30463FCE-93F2-4F31-BFB5-355DFFB5CC66}
	EndProjectSection
EndProject
Project("{8BC9CEB8-8B4A-11D0-8D11-00A0C91BC942}") = "dxwin", "dxwin.vcproj", "{EE43C4FC-A6CD-4671-8B67-143C711795CA}"
	ProjectSection(ProjectDependencies) = postProject
		{30463FCE-93F2-4F31-BFB5-355DFFB5CC66} = {30463FCE-93F2-4F31-BFB5-355DFFB5CC66}
	EndProjectSection
EndProject
Project("{8BC9CEB8-8B4A-11D0-8D11-00A0C91BC942}") = "asm", "asm.vcproj", "{E4D1442C-831D-4558-A561-1E5B86CC418B}"
EndProject
Project("{8BC9CEB8-8B4A-11D0-8D11-00A0C91BC942}") = "cpuid", "cpuid.vcproj", "{CD15D4DB-EA11-433B-AC37-799CF49D51E2}"
EndProject
Project("{8BC9CEB8-8B4A-11D0-8D11-00A0C91BC942}") = "wmi", "wmi.vcproj", "{00CE11C0-CA12-43DA-8D1F-C30C00EE0120}"
EndProject
Project("{8BC9CEB8-8B4A-11D0-8D11-00A0C91BC942}") = "button", "button.vcproj", "{73E918DF-716A-4AAB-95E7-7C3BBD725EDB}"
EndProject
Project("{8BC9CEB8-8B4A-11D0-8D11-00A0C91BC942}") = "tabctrl", "tabctrl.vcproj", "{7C06D1E1-B5C3-43FD-BCC4-2A83422E432E}"
EndProject
Project("{8BC9CEB8-8B4A-11D0-8D11-00A0C91BC942}") = "toolbar", "toolbar.vcproj", "{126C6BE6-3085-4B1B-81F2-401E1B70AD36}"
EndProject
Project("{8BC9CEB8-8B4A-11D0-8D11-00A0C91BC942}") = "mdi", "mdi.vcproj", "{A14A3841-C7F1-4031-AEDB-5F21FD46226B}"
EndProject
Project("{8BC9CEB8-8B4A-11D0-8D11-00A0C91BC942}") = "devstuio", "devstudio.vcproj", "{A499B5CC-842E-40BB-BCAF-0559D55EE2A0}"
EndProject
Project("{8BC9CEB8-8B4A-11D0-8D11-00A0C91BC942}") = "button_gdiplus", "button_gdiplus.vcproj", "{8E2CF8D9-FD0F-45CE-A000-C4603DB31DE6}"
EndProject
Project("{8BC9CEB8-8B4A-11D0-8D11-00A0C91BC942}") = "win_gdiplus", "win_gdiplus.vcproj", "{C5DF1424-CCE7-450D-B7DE-E03BD6032524}"
EndProject
Project("{8BC9CEB8-8B4A-11D0-8D11-00A0C91BC942}") = "calc", "calc.vcproj", "{2FCD3DFB-4467-41C9-B220-93E6B303224E}"
EndProject
Project("{8BC9CEB8-8B4A-11D0-8D11-00A0C91BC942}") = "listctrl", "listctrl.vcproj", "{08D3103A-FC6A-4397-9F6A-81AD8CC791C7}"
EndProject
Project("{8BC9CEB8-8B4A-11D0-8D11-00A0C91BC942}") = "taskman", "taskman.vcproj", "{C8BBF320-DDA9-478B-B370-F26EE861EF6F}"
EndProject
Project("{8BC9CEB8-8B4A-11D0-8D11-00A0C91BC942}") = "3dcreator", "3dcreator.vcproj", "{14B569C7-3EDA-470D-8BF2-9A260C3E1898}"
EndProject
Project("{8BC9CEB8-8B4A-11D0-8D11-00A0C91BC942}") = "chart", "chart.vcproj", "{D0063B80-19E8-4EE9-A83E-A84CBCFF3B7C}"
EndProject
Global
	GlobalSection(SolutionConfigurationPlatforms) = preSolution
		Debug|Win32 = Debug|Win32
		Debug-static|Win32 = Debug-static|Win32
		Release|Win32 = Release|Win32
	EndGlobalSection
	GlobalSection(ProjectConfigurationPlatforms) = postSolution
		{30463FCE-93F2-4F31-BFB5-355DFFB5CC66}.Debug|Win32.ActiveCfg = Debug|Win32
		{30463FCE-93F2-4F31-BFB5-355DFFB5CC66}.Debug|Win32.Build.0 = Debug|Win32
		{30463FCE-93F2-4F31-BFB5-355DFFB5CC66}.Debug-static|Win32.ActiveCfg = Debug-static|Win32
		{30463FCE-93F2-4F31-BFB5-355DFFB5CC66}.Debug-static|Win32.Build.0 = Debug-static|Win32
		{30463FCE-93F2-4F31-BFB5-355DFFB5CC66}.Release|Win32.ActiveCfg = Release|Win32
		{30463FCE-93F2-4F31-BFB5-355DFFB5CC66}.Release|Win32.Build.0 = Release|Win32
		{529F2376-5F31-4909-9E20-13B6C5F4B5C2}.Debug|Win32.ActiveCfg = Debug|Win32
		{529F2376-5F31-4909-9E20-13B6C5F4B5C2}.Debug|Win32.Build.0 = Debug|Win32
		{529F2376-5F31-4909-9E20-13B6C5F4B5C2}.Debug-static|Win32.ActiveCfg = Debug-static|Win32
		{529F2376-5F31-4909-9E20-13B6C5F4B5C2}.Debug-static|Win32.Build.0 = Debug-static|Win32
		{529F2376-5F31-4909-9E20-13B6C5F4B5C2}.Release|Win32.ActiveCfg = Release|Win32
		{529F2376-5F31-4909-9E20-13B6C5F4B5C2}.Release|Win32.Build.0 = Release|Win32
		{50BFE8B6-6EFC-487F-95E3-5CF6A75EA256}.Debug|Win32.ActiveCfg = Debug|Win32
		{50BFE8B6-6EFC-487F-95E3-5CF6A75EA256}.Debug|Win32.Build.0 = Debug|Win32
		{50BFE8B6-6EFC-487F-95E3-5CF6A75EA256}.Debug-static|Win32.ActiveCfg = Debug-static|Win32
		{50BFE8B6-6EFC-487F-95E3-5CF6A75EA256}.Debug-static|Win32.Build.0 = Debug-static|Win32
		{50BFE8B6-6EFC-487F-95E3-5CF6A75EA256}.Release|Win32.ActiveCfg = Release|Win32
		{50BFE8B6-6EFC-487F-95E3-5CF6A75EA256}.Release|Win32.Build.0 = Release|Win32
		{EE43C4FC-A6CD-4671-8B67-143C711795CA}.Debug|Win32.ActiveCfg = Debug|Win32
		{EE43C4FC-A6CD-4671-8B67-143C711795CA}.Debug|Win32.Build.0 = Debug|Win32
		{EE43C4FC-A6CD-4671-8B67-143C711795CA}.Debug-static|Win32.ActiveCfg = Debug-static|Win32
		{EE43C4FC-A6CD-4671-8B67-143C711795CA}.Debug-static|Win32.Build.0 = Debug-static|Win32
		{EE43C4FC-A6CD-4671-8B67-143C711795CA}.Release|Win32.ActiveCfg = Release|Win32
		{EE43C4FC-A6CD-4671-8B67-143C711795CA}.Release|Win32.Build.0 = Release|Win32
		{E4D1442C-831D-4558-A561-1E5B86CC418B}.Debug|Win32.ActiveCfg = Debug|Win32
		{E4D1442C-831D-4558-A561-1E5B86CC418B}.Debug|Win32.Build.0 = Debug|Win32
		{E4D1442C-831D-4558-A561-1E5B86CC418B}.Debug-static|Win32.ActiveCfg = Debug-static|Win32
		{E4D1442C-831D-4558-A561-1E5B86CC418B}.Debug-static|Win32.Build.0 = Debug-static|Win32
		{E4D1442C-831D-4558-A561-1E5B86CC418B}.Release|Win32.ActiveCfg = Release|Win32
		{E4D1442C-831D-4558-A561-1E5B86CC418B}.Release|Win32.Build.0 = Release|Win32
		{CD15D4DB-EA11-433B-AC37-799CF49D51E2}.Debug|Win32.ActiveCfg = Debug|Win32
		{CD15D4DB-EA11-433B-AC37-799CF49D51E2}.Debug|Win32.Build.0 = Debug|Win32
		{CD15D4DB-EA11-433B-AC37-799CF49D51E2}.Debug-static|Win32.ActiveCfg = Debug-static|Win32
		{CD15D4DB-EA11-433B-AC37-799CF49D51E2}.Debug-static|Win32.Build.0 = Debug-static|Win32
		{CD15D4DB-EA11-433B-AC37-799CF49D51E2}.Release|Win32.ActiveCfg = Release|Win32
		{CD15D4DB-EA11-433B-AC37-799CF49D51E2}.Release|Win32.Build.0 = Release|Win32
		{00CE11C0-CA12-43DA-8D1F-C30C00EE0120}.Debug|Win32.ActiveCfg = Debug|Win32
		{00CE11C0-CA12-43DA-8D1F-C30C00EE0120}.Debug|Win32.Build.0 = Debug|Win32
		{00CE11C0-CA12-43DA-8D1F-C30C00EE0120}.Debug-static|Win32.ActiveCfg = Debug|Win32
		{00CE11C0-CA12-43DA-8D1F-C30C00EE0120}.Debug-static|Win32.Build.0 = Debug|Win32
		{00CE11C0-CA12-43DA-8D1F-C30C00EE0120}.Release|Win32.ActiveCfg = Release|Win32
		{00CE11C0-CA12-43DA-8D1F-C30C00EE0120}.Release|Win32.Build.0 = Release|Win32
		{73E918DF-716A-4AAB-95E7-7C3BBD725EDB}.Debug|Win32.ActiveCfg = Debug|Win32
		{73E918DF-716A-4AAB-95E7-7C3BBD725EDB}.Debug|Win32.Build.0 = Debug|Win32
		{73E918DF-716A-4AAB-95E7-7C3BBD725EDB}.Debug-static|Win32.ActiveCfg = Debug-static|Win32
		{73E918DF-716A-4AAB-95E7-7C3BBD725EDB}.Debug-static|Win32.Build.0 = Debug-static|Win32
		{73E918DF-716A-4AAB-95E7-7C3BBD725EDB}.Release|Win32.ActiveCfg = Release|Win32
		{73E918DF-716A-4AAB-95E7-7C3BBD725EDB}.Release|Win32.Build.0 = Release|Win32
		{7C06D1E1-B5C3-43FD-BCC4-2A83422E432E}.Debug|Win32.ActiveCfg = Debug|Win32
		{7C06D1E1-B5C3-43FD-BCC4-2A83422E432E}.Debug|Win32.Build.0 = Debug|Win32
		{7C06D1E1-B5C3-43FD-BCC4-2A83422E432E}.Debug-static|Win32.ActiveCfg = Debug-static|Win32
		{7C06D1E1-B5C3-43FD-BCC4-2A83422E432E}.Debug-static|Win32.Build.0 = Debug-static|Win32
		{7C06D1E1-B5C3-43FD-BCC4-2A83422E432E}.Release|Win32.ActiveCfg = Release|Win32
		{7C06D1E1-B5C3-43FD-BCC4-2A83422E432E}.Release|Win32.Build.0 = Release|Win32
		{126C6BE6-3085-4B1B-81F2-401E1B70AD36}.Debug|Win32.ActiveCfg = Debug|Win32
		{126C6BE6-3085-4B1B-81F2-401E1B70AD36}.Debug|Win32.Build.0 = Debug|Win32
		{126C6BE6-3085-4B1B-81F2-401E1B70AD36}.Debug-static|Win32.ActiveCfg = Debug-static|Win32
		{126C6BE6-3085-4B1B-81F2-401E1B70AD36}.Debug-static|Win32.Build.0 = Debug-static|Win32
		{126C6BE6-3085-4B1B-81F2-401E1B70AD36}.Release|Win32.ActiveCfg = Release|Win32
		{126C6BE6-3085-4B1B-81F2-401E1B70AD36}.Release|Win32.Build.0 = Release|Win32
		{A14A3841-C7F1-4031-AEDB-5F21FD46226B}.Debug|Win32.ActiveCfg = Debug|Win32
		{A14A3841-C7F1-4031-AEDB-5F21FD46226B}.Debug|Win32.Build.0 = Debug|Win32
		{A14A3841-C7F1-4031-AEDB-5F21FD46226B}.Debug-static|Win32.ActiveCfg = Debug-static|Win32
		{A14A3841-C7F1-4031-AEDB-5F21FD46226B}.Debug-static|Win32.Build.0 = Debug-static|Win32
		{A14A3841-C7F1-4031-AEDB-5F21FD46226B}.Release|Win32.ActiveCfg = Release|Win32
		{A14A3841-C7F1-4031-AEDB-5F21FD46226B}.Release|Win32.Build.0 = Release|Win32
		{A499B5CC-842E-40BB-BCAF-0559D55EE2A0}.Debug|Win32.ActiveCfg = Debug|Win32
		{A499B5CC-842E-40BB-BCAF-0559D55EE2A0}.Debug|Win32.Build.0 = Debug|Win32
		{A499B5CC-842E-40BB-BCAF-0559D55EE2A0}.Debug-static|Win32.ActiveCfg = Debug-static|Win32
		{A499B5CC-842E-40BB-BCAF-0559D55EE2A0}.Debug-static|Win32.Build.0 = Debug-static|Win32
		{A499B5CC-842E-40BB-BCAF-0559D55EE2A0}.Release|Win32.ActiveCfg = Release|Win32
		{A499B5CC-842E-40BB-BCAF-0559D55EE2A0}.Release|Win32.Build.0 = Release|Win32
		{8E2CF8D9-FD0F-45CE-A000-C4603DB31DE6}.Debug|Win32.ActiveCfg = Debug|Win32
		{8E2CF8D9-FD0F-45CE-A000-C4603DB31DE6}.Debug|Win32.Build.0 = Debug|Win32
		{8E2CF8D9-FD0F-45CE-A000-C4603DB31DE6}.Debug-static|Win32.ActiveCfg = Debug-static|Win32
		{8E2CF8D9-FD0F-45CE-A000-C4603DB31DE6}.Debug-static|Win32.Build.0 = Debug-static|Win32
		{8E2CF8D9-FD0F-45CE-A000-C4603DB31DE6}.Release|Win32.ActiveCfg = Release|Win32
		{8E2CF8D9-FD0F-45CE-A000-C4603DB31DE6}.Release|Win32.Build.0 = Release|Win32
		{C5DF1424-CCE7-450D-B7DE-E03BD6032524}.Debug|Win32.ActiveCfg = Debug|Win32
		{C5DF1424-CCE7-450D-B7DE-E03BD6032524}.Debug|Win32.Build.0 = Debug|Win32
		{C5DF1424-CCE7-450D-B7DE-E03BD6032524}.Debug-static|Win32.ActiveCfg = Debug-static|Win32
		{C5DF1424-CCE7-450D-B7DE-E03BD6032524}.Debug-static|Win32.Build.0 = Debug-static|Win32
		{C5DF1424-CCE7-450D-B7DE-E03BD6032524}.Release|Win32.ActiveCfg = Release|Win32
		{C5DF1424-CCE7-450D-B7DE-E03BD6032524}.Release|Win32.Build.0 = Release|Win32
		{2FCD3DFB-4467-41C9-B220-93E6B303224E}.Debug|Win32.ActiveCfg = Debug|Win32
		{2FCD3DFB-4467-41C9-B220-93E6B303224E}.Debug|Win32.Build.0 = Debug|Win32
		{2FCD3DFB-4467-41C9-B220-93E6B303224E}.Debug-static|Win32.ActiveCfg = Debug|Win32
		{2FCD3DFB-4467-41C9-B220-93E6B303224E}.Debug-static|Win32.Build.0 = Debug|Win32
		{2FCD3DFB-4467-41C9-B220-93E6B303224E}.Release|Win32.ActiveCfg = Release|Win32
		{2FCD3DFB-4467-41C9-B220-93E6B303224E}.Release|Win32.Build.0 = Release|Win32
		{08D3103A-FC6A-4397-9F6A-81AD8CC791C7}.Debug|Win32.ActiveCfg = Debug|Win32
		{08D3103A-FC6A-4397-9F6A-81AD8CC791C7}.Debug|Win32.Build.0 = Debug|Win32
		{08D3103A-FC6A-4397-9F6A-81AD8CC791C7}.Debug-static|Win32.ActiveCfg = Debug-static|Win32
		{08D3103A-FC6A-4397-9F6A-81AD8CC791C7}.Debug-static|Win32.Build.0 = Debug-static|Win32
		{08D3103A-FC6A-4397-9F6A-81AD8CC791C7}.Release|Win32.ActiveCfg = Release|Win32
		{08D3103A-FC6A-4397-9F6A-81AD8CC791C7}.Release|Win32.Build.0 = Release|Win32
		{C8BBF320-DDA9-478B-B370-F26EE861EF6F}.Debug|Win32.ActiveCfg = Debug|Win32
		{C8BBF320-DDA9-478B-B370-F26EE861EF6F}.Debug|Win32.Build.0 = Debug|Win32
		{C8BBF320-DDA9-478B-B370-F26EE861EF6F}.Debug-static|Win32.ActiveCfg = Debug|Win32
		{C8BBF320-DDA9-478B-B370-F26EE861EF6F}.Debug-static|Win32.Build.0 = Debug|Win32
		{C8BBF320-DDA9-478B-B370-F26EE861EF6F}.Release|Win32.ActiveCfg = Release|Win32
		{C8BBF320-DDA9-478B-B370-F26EE861EF6F}.Release|Win32.Build.0 = Release|Win32
		{14B569C7-3EDA-470D-8BF2-9A260C3E1898}.Debug|Win32.ActiveCfg = Debug|Win32
		{14B569C7-3EDA-470D-8BF2-9A260C3E1898}.Debug|Win32.Build.0 = Debug|Win32
		{14B569C7-3EDA-470D-8BF2-9A260C3E1898}.Debug-static|Win32.ActiveCfg = Debug|Win32
		{14B569C7-3EDA-470D-8BF2-9A260C3E1898}.Debug-static|Win32.Build.0 = Debug|Win32
		{14B569C7-3EDA-470D-8BF2-9A260C3E1898}.Release|Win32.ActiveCfg = Release|Win32
		{14B569C7-3EDA-470D-8BF2-9A260C3E1898}.Release|Win32.Build.0 = Release|Win32
		{D0063B80-19E8-4EE9-A83E-A84CBCFF3B7C}.Debug|Win32.ActiveCfg = Debug|Win32
		{D0063B80-19E8-4EE9-A83E-A84CBCFF3B7C}.Debug|Win32.Build.0 = Debug|Win32
		{D0063B80-19E8-4EE9-A83E-A84CBCFF3B7C}.Debug-static|Win32.ActiveCfg = Debug|Win32
		{D0063B80-19E8-4EE9-A83E-A84CBCFF3B7C}.Debug-static|Win32.Build.0 = Debug|Win32
		{D0063B80-19E8-4EE9-A83E-A84CBCFF3B7C}.Release|Win32.ActiveCfg = Release|Win32
		{D0063B80-19E8-4EE9-A83E-A84CBCFF3B7C}.Release|Win32.Build.0 = Release|Win32
	EndGlobalSection
	GlobalSection(SolutionProperties) = preSolution
		HideSolutionNode = FALSE
	EndGlobalSection
EndGlobal
