
Microsoft Visual Studio Solution File, Format Version 10.00
# Visual Studio 2008
Project("{8BC9CEB8-8B4A-11D0-8D11-00A0C91BC942}") = "libuwin_dll", "libuwin_dll.vcproj", "{30463FCE-93F2-4F31-BFB5-355DFFB5CC66}"
EndProject
Project("{8BC9CEB8-8B4A-11D0-8D11-00A0C91BC942}") = "calc", "calc.vcproj", "{2FCD3DFB-4467-41C9-B220-93E6B303224E}"
	ProjectSection(ProjectDependencies) = postProject
		{30463FCE-93F2-4F31-BFB5-355DFFB5CC66} = {30463FCE-93F2-4F31-BFB5-355DFFB5CC66}
	EndProjectSection
EndProject
Project("{8BC9CEB8-8B4A-11D0-8D11-00A0C91BC942}") = "tabctrl", "tabctrl.vcproj", "{7C06D1E1-B5C3-43FD-BCC4-2A83422E432E}"
	ProjectSection(ProjectDependencies) = postProject
		{30463FCE-93F2-4F31-BFB5-355DFFB5CC66} = {30463FCE-93F2-4F31-BFB5-355DFFB5CC66}
	EndProjectSection
EndProject
Project("{8BC9CEB8-8B4A-11D0-8D11-00A0C91BC942}") = "chart", "chart.vcproj", "{600D313D-4980-461E-AA92-8B2D3A599647}"
	ProjectSection(ProjectDependencies) = postProject
		{30463FCE-93F2-4F31-BFB5-355DFFB5CC66} = {30463FCE-93F2-4F31-BFB5-355DFFB5CC66}
	EndProjectSection
EndProject
Project("{8BC9CEB8-8B4A-11D0-8D11-00A0C91BC942}") = "filesplit", "filesplit.vcproj", "{F702CD24-3064-4458-BF85-8674EB909065}"
	ProjectSection(ProjectDependencies) = postProject
		{30463FCE-93F2-4F31-BFB5-355DFFB5CC66} = {30463FCE-93F2-4F31-BFB5-355DFFB5CC66}
	EndProjectSection
EndProject
Project("{8BC9CEB8-8B4A-11D0-8D11-00A0C91BC942}") = "combobox", "combobox.vcproj", "{CA0907A7-954E-40DA-BF7A-479CFB673711}"
	ProjectSection(ProjectDependencies) = postProject
		{30463FCE-93F2-4F31-BFB5-355DFFB5CC66} = {30463FCE-93F2-4F31-BFB5-355DFFB5CC66}
	EndProjectSection
EndProject
Project("{8BC9CEB8-8B4A-11D0-8D11-00A0C91BC942}") = "menu", "menu.vcproj", "{D3357E35-3EEB-4FA2-AD43-C7D4F68ABF44}"
	ProjectSection(ProjectDependencies) = postProject
		{30463FCE-93F2-4F31-BFB5-355DFFB5CC66} = {30463FCE-93F2-4F31-BFB5-355DFFB5CC66}
	EndProjectSection
EndProject
Project("{8BC9CEB8-8B4A-11D0-8D11-00A0C91BC942}") = "toolbar", "toolbar.vcproj", "{126C6BE6-3085-4B1B-81F2-401E1B70AD36}"
	ProjectSection(ProjectDependencies) = postProject
		{30463FCE-93F2-4F31-BFB5-355DFFB5CC66} = {30463FCE-93F2-4F31-BFB5-355DFFB5CC66}
	EndProjectSection
EndProject
Project("{8BC9CEB8-8B4A-11D0-8D11-00A0C91BC942}") = "win_gdiplus", "win_gdiplus.vcproj", "{C5DF1424-CCE7-450D-B7DE-E03BD6032524}"
EndProject
Project("{8BC9CEB8-8B4A-11D0-8D11-00A0C91BC942}") = "button_gdiplus", "button_gdiplus.vcproj", "{8E2CF8D9-FD0F-45CE-A000-C4603DB31DE6}"
	ProjectSection(ProjectDependencies) = postProject
		{30463FCE-93F2-4F31-BFB5-355DFFB5CC66} = {30463FCE-93F2-4F31-BFB5-355DFFB5CC66}
	EndProjectSection
EndProject
Project("{8BC9CEB8-8B4A-11D0-8D11-00A0C91BC942}") = "progressbar", "progressbar.vcproj", "{BE2D565A-D216-426A-8016-8E3C5E563BF6}"
	ProjectSection(ProjectDependencies) = postProject
		{30463FCE-93F2-4F31-BFB5-355DFFB5CC66} = {30463FCE-93F2-4F31-BFB5-355DFFB5CC66}
	EndProjectSection
EndProject
Project("{8BC9CEB8-8B4A-11D0-8D11-00A0C91BC942}") = "weather_gdiplus", "weather_gdiplus.vcproj", "{431CD375-3835-4A09-B159-B3EC169BCE12}"
	ProjectSection(ProjectDependencies) = postProject
		{30463FCE-93F2-4F31-BFB5-355DFFB5CC66} = {30463FCE-93F2-4F31-BFB5-355DFFB5CC66}
	EndProjectSection
EndProject
Project("{8BC9CEB8-8B4A-11D0-8D11-00A0C91BC942}") = "treectrl", "treectrl.vcproj", "{E1F6D782-D5D4-412D-B371-85A88895C33C}"
	ProjectSection(ProjectDependencies) = postProject
		{30463FCE-93F2-4F31-BFB5-355DFFB5CC66} = {30463FCE-93F2-4F31-BFB5-355DFFB5CC66}
	EndProjectSection
EndProject
Project("{8BC9CEB8-8B4A-11D0-8D11-00A0C91BC942}") = "listctrl", "listctrl.vcproj", "{08D3103A-FC6A-4397-9F6A-81AD8CC791C7}"
	ProjectSection(ProjectDependencies) = postProject
		{30463FCE-93F2-4F31-BFB5-355DFFB5CC66} = {30463FCE-93F2-4F31-BFB5-355DFFB5CC66}
	EndProjectSection
EndProject
Project("{8BC9CEB8-8B4A-11D0-8D11-00A0C91BC942}") = "contour", "contour.vcproj", "{5D373B1C-F932-4C30-9FD1-3A7530AD59A8}"
	ProjectSection(ProjectDependencies) = postProject
		{30463FCE-93F2-4F31-BFB5-355DFFB5CC66} = {30463FCE-93F2-4F31-BFB5-355DFFB5CC66}
	EndProjectSection
EndProject
Global
	GlobalSection(SolutionConfigurationPlatforms) = preSolution
		Debug|Win32 = Debug|Win32
		Debug-static|Win32 = Debug-static|Win32
		Release|Win32 = Release|Win32
	EndGlobalSection
	GlobalSection(ProjectConfigurationPlatforms) = postSolution
		{30463FCE-93F2-4F31-BFB5-355DFFB5CC66}.Debug|Win32.ActiveCfg = Debug|Win32
		{30463FCE-93F2-4F31-BFB5-355DFFB5CC66}.Debug|Win32.Build.0 = Debug|Win32
		{30463FCE-93F2-4F31-BFB5-355DFFB5CC66}.Debug-static|Win32.ActiveCfg = Debug-static|Win32
		{30463FCE-93F2-4F31-BFB5-355DFFB5CC66}.Debug-static|Win32.Build.0 = Debug-static|Win32
		{30463FCE-93F2-4F31-BFB5-355DFFB5CC66}.Release|Win32.ActiveCfg = Release|Win32
		{30463FCE-93F2-4F31-BFB5-355DFFB5CC66}.Release|Win32.Build.0 = Release|Win32
		{2FCD3DFB-4467-41C9-B220-93E6B303224E}.Debug|Win32.ActiveCfg = Debug|Win32
		{2FCD3DFB-4467-41C9-B220-93E6B303224E}.Debug|Win32.Build.0 = Debug|Win32
		{2FCD3DFB-4467-41C9-B220-93E6B303224E}.Debug-static|Win32.ActiveCfg = Debug|Win32
		{2FCD3DFB-4467-41C9-B220-93E6B303224E}.Debug-static|Win32.Build.0 = Debug|Win32
		{2FCD3DFB-4467-41C9-B220-93E6B303224E}.Release|Win32.ActiveCfg = Release|Win32
		{2FCD3DFB-4467-41C9-B220-93E6B303224E}.Release|Win32.Build.0 = Release|Win32
		{7C06D1E1-B5C3-43FD-BCC4-2A83422E432E}.Debug|Win32.ActiveCfg = Debug|Win32
		{7C06D1E1-B5C3-43FD-BCC4-2A83422E432E}.Debug|Win32.Build.0 = Debug|Win32
		{7C06D1E1-B5C3-43FD-BCC4-2A83422E432E}.Debug-static|Win32.ActiveCfg = Debug-static|Win32
		{7C06D1E1-B5C3-43FD-BCC4-2A83422E432E}.Debug-static|Win32.Build.0 = Debug-static|Win32
		{7C06D1E1-B5C3-43FD-BCC4-2A83422E432E}.Release|Win32.ActiveCfg = Release|Win32
		{7C06D1E1-B5C3-43FD-BCC4-2A83422E432E}.Release|Win32.Build.0 = Release|Win32
		{600D313D-4980-461E-AA92-8B2D3A599647}.Debug|Win32.ActiveCfg = Debug|Win32
		{600D313D-4980-461E-AA92-8B2D3A599647}.Debug|Win32.Build.0 = Debug|Win32
		{600D313D-4980-461E-AA92-8B2D3A599647}.Debug-static|Win32.ActiveCfg = Debug|Win32
		{600D313D-4980-461E-AA92-8B2D3A599647}.Debug-static|Win32.Build.0 = Debug|Win32
		{600D313D-4980-461E-AA92-8B2D3A599647}.Release|Win32.ActiveCfg = Release|Win32
		{600D313D-4980-461E-AA92-8B2D3A599647}.Release|Win32.Build.0 = Release|Win32
		{F702CD24-3064-4458-BF85-8674EB909065}.Debug|Win32.ActiveCfg = Debug|Win32
		{F702CD24-3064-4458-BF85-8674EB909065}.Debug|Win32.Build.0 = Debug|Win32
		{F702CD24-3064-4458-BF85-8674EB909065}.Debug-static|Win32.ActiveCfg = Debug|Win32
		{F702CD24-3064-4458-BF85-8674EB909065}.Debug-static|Win32.Build.0 = Debug|Win32
		{F702CD24-3064-4458-BF85-8674EB909065}.Release|Win32.ActiveCfg = Release|Win32
		{F702CD24-3064-4458-BF85-8674EB909065}.Release|Win32.Build.0 = Release|Win32
		{CA0907A7-954E-40DA-BF7A-479CFB673711}.Debug|Win32.ActiveCfg = Debug|Win32
		{CA0907A7-954E-40DA-BF7A-479CFB673711}.Debug|Win32.Build.0 = Debug|Win32
		{CA0907A7-954E-40DA-BF7A-479CFB673711}.Debug-static|Win32.ActiveCfg = Debug-static|Win32
		{CA0907A7-954E-40DA-BF7A-479CFB673711}.Debug-static|Win32.Build.0 = Debug-static|Win32
		{CA0907A7-954E-40DA-BF7A-479CFB673711}.Release|Win32.ActiveCfg = Release|Win32
		{CA0907A7-954E-40DA-BF7A-479CFB673711}.Release|Win32.Build.0 = Release|Win32
		{D3357E35-3EEB-4FA2-AD43-C7D4F68ABF44}.Debug|Win32.ActiveCfg = Debug|Win32
		{D3357E35-3EEB-4FA2-AD43-C7D4F68ABF44}.Debug|Win32.Build.0 = Debug|Win32
		{D3357E35-3EEB-4FA2-AD43-C7D4F68ABF44}.Debug-static|Win32.ActiveCfg = Debug-static|Win32
		{D3357E35-3EEB-4FA2-AD43-C7D4F68ABF44}.Debug-static|Win32.Build.0 = Debug-static|Win32
		{D3357E35-3EEB-4FA2-AD43-C7D4F68ABF44}.Release|Win32.ActiveCfg = Release|Win32
		{D3357E35-3EEB-4FA2-AD43-C7D4F68ABF44}.Release|Win32.Build.0 = Release|Win32
		{126C6BE6-3085-4B1B-81F2-401E1B70AD36}.Debug|Win32.ActiveCfg = Debug|Win32
		{126C6BE6-3085-4B1B-81F2-401E1B70AD36}.Debug|Win32.Build.0 = Debug|Win32
		{126C6BE6-3085-4B1B-81F2-401E1B70AD36}.Debug-static|Win32.ActiveCfg = Debug-static|Win32
		{126C6BE6-3085-4B1B-81F2-401E1B70AD36}.Debug-static|Win32.Build.0 = Debug-static|Win32
		{126C6BE6-3085-4B1B-81F2-401E1B70AD36}.Release|Win32.ActiveCfg = Release|Win32
		{126C6BE6-3085-4B1B-81F2-401E1B70AD36}.Release|Win32.Build.0 = Release|Win32
		{C5DF1424-CCE7-450D-B7DE-E03BD6032524}.Debug|Win32.ActiveCfg = Debug|Win32
		{C5DF1424-CCE7-450D-B7DE-E03BD6032524}.Debug|Win32.Build.0 = Debug|Win32
		{C5DF1424-CCE7-450D-B7DE-E03BD6032524}.Debug-static|Win32.ActiveCfg = Debug-static|Win32
		{C5DF1424-CCE7-450D-B7DE-E03BD6032524}.Debug-static|Win32.Build.0 = Debug-static|Win32
		{C5DF1424-CCE7-450D-B7DE-E03BD6032524}.Release|Win32.ActiveCfg = Release|Win32
		{C5DF1424-CCE7-450D-B7DE-E03BD6032524}.Release|Win32.Build.0 = Release|Win32
		{8E2CF8D9-FD0F-45CE-A000-C4603DB31DE6}.Debug|Win32.ActiveCfg = Debug|Win32
		{8E2CF8D9-FD0F-45CE-A000-C4603DB31DE6}.Debug|Win32.Build.0 = Debug|Win32
		{8E2CF8D9-FD0F-45CE-A000-C4603DB31DE6}.Debug-static|Win32.ActiveCfg = Debug-static|Win32
		{8E2CF8D9-FD0F-45CE-A000-C4603DB31DE6}.Debug-static|Win32.Build.0 = Debug-static|Win32
		{8E2CF8D9-FD0F-45CE-A000-C4603DB31DE6}.Release|Win32.ActiveCfg = Release|Win32
		{8E2CF8D9-FD0F-45CE-A000-C4603DB31DE6}.Release|Win32.Build.0 = Release|Win32
		{BE2D565A-D216-426A-8016-8E3C5E563BF6}.Debug|Win32.ActiveCfg = Debug|Win32
		{BE2D565A-D216-426A-8016-8E3C5E563BF6}.Debug|Win32.Build.0 = Debug|Win32
		{BE2D565A-D216-426A-8016-8E3C5E563BF6}.Debug-static|Win32.ActiveCfg = Debug-static|Win32
		{BE2D565A-D216-426A-8016-8E3C5E563BF6}.Debug-static|Win32.Build.0 = Debug-static|Win32
		{BE2D565A-D216-426A-8016-8E3C5E563BF6}.Release|Win32.ActiveCfg = Release|Win32
		{BE2D565A-D216-426A-8016-8E3C5E563BF6}.Release|Win32.Build.0 = Release|Win32
		{431CD375-3835-4A09-B159-B3EC169BCE12}.Debug|Win32.ActiveCfg = Debug|Win32
		{431CD375-3835-4A09-B159-B3EC169BCE12}.Debug|Win32.Build.0 = Debug|Win32
		{431CD375-3835-4A09-B159-B3EC169BCE12}.Debug-static|Win32.ActiveCfg = Debug-static|Win32
		{431CD375-3835-4A09-B159-B3EC169BCE12}.Debug-static|Win32.Build.0 = Debug-static|Win32
		{431CD375-3835-4A09-B159-B3EC169BCE12}.Release|Win32.ActiveCfg = Release|Win32
		{431CD375-3835-4A09-B159-B3EC169BCE12}.Release|Win32.Build.0 = Release|Win32
		{E1F6D782-D5D4-412D-B371-85A88895C33C}.Debug|Win32.ActiveCfg = Debug|Win32
		{E1F6D782-D5D4-412D-B371-85A88895C33C}.Debug|Win32.Build.0 = Debug|Win32
		{E1F6D782-D5D4-412D-B371-85A88895C33C}.Debug-static|Win32.ActiveCfg = Debug-static|Win32
		{E1F6D782-D5D4-412D-B371-85A88895C33C}.Debug-static|Win32.Build.0 = Debug-static|Win32
		{E1F6D782-D5D4-412D-B371-85A88895C33C}.Release|Win32.ActiveCfg = Release|Win32
		{E1F6D782-D5D4-412D-B371-85A88895C33C}.Release|Win32.Build.0 = Release|Win32
		{08D3103A-FC6A-4397-9F6A-81AD8CC791C7}.Debug|Win32.ActiveCfg = Debug|Win32
		{08D3103A-FC6A-4397-9F6A-81AD8CC791C7}.Debug|Win32.Build.0 = Debug|Win32
		{08D3103A-FC6A-4397-9F6A-81AD8CC791C7}.Debug-static|Win32.ActiveCfg = Debug-static|Win32
		{08D3103A-FC6A-4397-9F6A-81AD8CC791C7}.Debug-static|Win32.Build.0 = Debug-static|Win32
		{08D3103A-FC6A-4397-9F6A-81AD8CC791C7}.Release|Win32.ActiveCfg = Release|Win32
		{08D3103A-FC6A-4397-9F6A-81AD8CC791C7}.Release|Win32.Build.0 = Release|Win32
		{5D373B1C-F932-4C30-9FD1-3A7530AD59A8}.Debug|Win32.ActiveCfg = Debug|Win32
		{5D373B1C-F932-4C30-9FD1-3A7530AD59A8}.Debug|Win32.Build.0 = Debug|Win32
		{5D373B1C-F932-4C30-9FD1-3A7530AD59A8}.Debug-static|Win32.ActiveCfg = Debug|Win32
		{5D373B1C-F932-4C30-9FD1-3A7530AD59A8}.Debug-static|Win32.Build.0 = Debug|Win32
		{5D373B1C-F932-4C30-9FD1-3A7530AD59A8}.Release|Win32.ActiveCfg = Release|Win32
		{5D373B1C-F932-4C30-9FD1-3A7530AD59A8}.Release|Win32.Build.0 = Release|Win32
	EndGlobalSection
	GlobalSection(SolutionProperties) = preSolution
		HideSolutionNode = FALSE
	EndGlobalSection
EndGlobal
