
Microsoft Visual Studio Solution File, Format Version 10.00
# Visual Studio 2008
Project("{8BC9CEB8-8B4A-11D0-8D11-00A0C91BC942}") = "libuwin_dll", "libuwin_dll.vcproj", "{30463FCE-93F2-4F31-BFB5-355DFFB5CC66}"
EndProject
Project("{8BC9CEB8-8B4A-11D0-8D11-00A0C91BC942}") = "calc", "calc.vcproj", "{2FCD3DFB-4467-41C9-B220-93E6B303224E}"
	ProjectSection(ProjectDependencies) = postProject
		{30463FCE-93F2-4F31-BFB5-355DFFB5CC66} = {30463FCE-93F2-4F31-BFB5-355DFFB5CC66}
	EndProjectSection
EndProject
Project("{8BC9CEB8-8B4A-11D0-8D11-00A0C91BC942}") = "tabctrl", "tabctrl.vcproj", "{7C06D1E1-B5C3-43FD-BCC4-2A83422E432E}"
	ProjectSection(ProjectDependencies) = postProject
		{30463FCE-93F2-4F31-BFB5-355DFFB5CC66} = {30463FCE-93F2-4F31-BFB5-355DFFB5CC66}
	EndProjectSection
EndProject
Project("{8BC9CEB8-8B4A-11D0-8D11-00A0C91BC942}") = "chart", "chart.vcproj", "{600D313D-4980-461E-AA92-8B2D3A599647}"
	ProjectSection(ProjectDependencies) = postProject
		{30463FCE-93F2-4F31-BFB5-355DFFB5CC66} = {30463FCE-93F2-4F31-BFB5-355DFFB5CC66}
	EndProjectSection
EndProject
Project("{8BC9CEB8-8B4A-11D0-8D11-00A0C91BC942}") = "filesplit", "filesplit.vcproj", "{F702CD24-3064-4458-BF85-8674EB909065}"
EndProject
Project("{8BC9CEB8-8B4A-11D0-8D11-00A0C91BC942}") = "combobox", "combobox.vcproj", "{CA0907A7-954E-40DA-BF7A-479CFB673711}"
	ProjectSection(ProjectDependencies) = postProject
		{30463FCE-93F2-4F31-BFB5-355DFFB5CC66} = {30463FCE-93F2-4F31-BFB5-355DFFB5CC66}
	EndProjectSection
EndProject
Global
	GlobalSection(SolutionConfigurationPlatforms) = preSolution
		Debug|Win32 = Debug|Win32
		Debug-static|Win32 = Debug-static|Win32
		Release|Win32 = Release|Win32
	EndGlobalSection
	GlobalSection(ProjectConfigurationPlatforms) = postSolution
		{30463FCE-93F2-4F31-BFB5-355DFFB5CC66}.Debug|Win32.ActiveCfg = Debug|Win32
		{30463FCE-93F2-4F31-BFB5-355DFFB5CC66}.Debug|Win32.Build.0 = Debug|Win32
		{30463FCE-93F2-4F31-BFB5-355DFFB5CC66}.Debug-static|Win32.ActiveCfg = Debug-static|Win32
		{30463FCE-93F2-4F31-BFB5-355DFFB5CC66}.Debug-static|Win32.Build.0 = Debug-static|Win32
		{30463FCE-93F2-4F31-BFB5-355DFFB5CC66}.Release|Win32.ActiveCfg = Release|Win32
		{30463FCE-93F2-4F31-BFB5-355DFFB5CC66}.Release|Win32.Build.0 = Release|Win32
		{2FCD3DFB-4467-41C9-B220-93E6B303224E}.Debug|Win32.ActiveCfg = Debug|Win32
		{2FCD3DFB-4467-41C9-B220-93E6B303224E}.Debug|Win32.Build.0 = Debug|Win32
		{2FCD3DFB-4467-41C9-B220-93E6B303224E}.Debug-static|Win32.ActiveCfg = Debug|Win32
		{2FCD3DFB-4467-41C9-B220-93E6B303224E}.Debug-static|Win32.Build.0 = Debug|Win32
		{2FCD3DFB-4467-41C9-B220-93E6B303224E}.Release|Win32.ActiveCfg = Release|Win32
		{2FCD3DFB-4467-41C9-B220-93E6B303224E}.Release|Win32.Build.0 = Release|Win32
		{7C06D1E1-B5C3-43FD-BCC4-2A83422E432E}.Debug|Win32.ActiveCfg = Debug|Win32
		{7C06D1E1-B5C3-43FD-BCC4-2A83422E432E}.Debug|Win32.Build.0 = Debug|Win32
		{7C06D1E1-B5C3-43FD-BCC4-2A83422E432E}.Debug-static|Win32.ActiveCfg = Debug-static|Win32
		{7C06D1E1-B5C3-43FD-BCC4-2A83422E432E}.Debug-static|Win32.Build.0 = Debug-static|Win32
		{7C06D1E1-B5C3-43FD-BCC4-2A83422E432E}.Release|Win32.ActiveCfg = Release|Win32
		{7C06D1E1-B5C3-43FD-BCC4-2A83422E432E}.Release|Win32.Build.0 = Release|Win32
		{600D313D-4980-461E-AA92-8B2D3A599647}.Debug|Win32.ActiveCfg = Debug|Win32
		{600D313D-4980-461E-AA92-8B2D3A599647}.Debug|Win32.Build.0 = Debug|Win32
		{600D313D-4980-461E-AA92-8B2D3A599647}.Debug-static|Win32.ActiveCfg = Debug|Win32
		{600D313D-4980-461E-AA92-8B2D3A599647}.Debug-static|Win32.Build.0 = Debug|Win32
		{600D313D-4980-461E-AA92-8B2D3A599647}.Release|Win32.ActiveCfg = Release|Win32
		{600D313D-4980-461E-AA92-8B2D3A599647}.Release|Win32.Build.0 = Release|Win32
		{F702CD24-3064-4458-BF85-8674EB909065}.Debug|Win32.ActiveCfg = Debug|Win32
		{F702CD24-3064-4458-BF85-8674EB909065}.Debug|Win32.Build.0 = Debug|Win32
		{F702CD24-3064-4458-BF85-8674EB909065}.Debug-static|Win32.ActiveCfg = Debug|Win32
		{F702CD24-3064-4458-BF85-8674EB909065}.Debug-static|Win32.Build.0 = Debug|Win32
		{F702CD24-3064-4458-BF85-8674EB909065}.Release|Win32.ActiveCfg = Release|Win32
		{F702CD24-3064-4458-BF85-8674EB909065}.Release|Win32.Build.0 = Release|Win32
		{CA0907A7-954E-40DA-BF7A-479CFB673711}.Debug|Win32.ActiveCfg = Debug|Win32
		{CA0907A7-954E-40DA-BF7A-479CFB673711}.Debug|Win32.Build.0 = Debug|Win32
		{CA0907A7-954E-40DA-BF7A-479CFB673711}.Debug-static|Win32.ActiveCfg = Debug-static|Win32
		{CA0907A7-954E-40DA-BF7A-479CFB673711}.Debug-static|Win32.Build.0 = Debug-static|Win32
		{CA0907A7-954E-40DA-BF7A-479CFB673711}.Release|Win32.ActiveCfg = Release|Win32
		{CA0907A7-954E-40DA-BF7A-479CFB673711}.Release|Win32.Build.0 = Release|Win32
	EndGlobalSection
	GlobalSection(SolutionProperties) = preSolution
		HideSolutionNode = FALSE
	EndGlobalSection
EndGlobal
